// !$*UTF8*$!
{
	archiveVersion = 1;
	classes = {
	};
	objectVersion = 56;
	objects = {

/* Begin PBXBuildFile section */
		A10001 /* ABPropsApp.swift in Sources */ = {isa = PBXBuildFile; fileRef = A11001 /* ABPropsApp.swift */; };
		A10002 /* ContentView.swift in Sources */ = {isa = PBXBuildFile; fileRef = A11002 /* ContentView.swift */; };
		A10003 /* AppStore.swift in Sources */ = {isa = PBXBuildFile; fileRef = A11003 /* AppStore.swift */; };
		A10004 /* Plist.swift in Sources */ = {isa = PBXBuildFile; fileRef = A11004 /* Plist.swift */; };
		A10005 /* PlistCodec.swift in Sources */ = {isa = PBXBuildFile; fileRef = A11005 /* PlistCodec.swift */; };
		A10006 /* MachOExtractor.swift in Sources */ = {isa = PBXBuildFile; fileRef = A11006 /* MachOExtractor.swift */; };
		A10007 /* CSUtil.c in Sources */ = {isa = PBXBuildFile; fileRef = A11008 /* CSUtil.c */; };
		A10008 /* Assets.xcassets in Resources */ = {isa = PBXBuildFile; fileRef = A1100B /* Assets.xcassets */; };
		A10009 /* MobileConfig.swift in Sources */ = {isa = PBXBuildFile; fileRef = A1100C /* MobileConfig.swift */; };
		A1000A /* ios-abprops-names.json in Resources */ = {isa = PBXBuildFile; fileRef = A1100D /* ios-abprops-names.json */; };
/* End PBXBuildFile section */

/* Begin PBXFileReference section */
		A12000 /* ABProps.app */ = {isa = PBXFileReference; explicitFileType = wrapper.application; includeInIndex = 0; path = ABProps.app; sourceTree = BUILT_PRODUCTS_DIR; };
		A11001 /* ABPropsApp.swift */ = {isa = PBXFileReference; lastKnownFileType = sourcecode.swift; path = ABPropsApp.swift; sourceTree = "<group>"; };
		A11002 /* ContentView.swift */ = {isa = PBXFileReference; lastKnownFileType = sourcecode.swift; path = ContentView.swift; sourceTree = "<group>"; };
		A11003 /* AppStore.swift */ = {isa = PBXFileReference; lastKnownFileType = sourcecode.swift; path = AppStore.swift; sourceTree = "<group>"; };
		A11004 /* Plist.swift */ = {isa = PBXFileReference; lastKnownFileType = sourcecode.swift; path = Plist.swift; sourceTree = "<group>"; };
		A11005 /* PlistCodec.swift */ = {isa = PBXFileReference; lastKnownFileType = sourcecode.swift; path = PlistCodec.swift; sourceTree = "<group>"; };
		A11006 /* MachOExtractor.swift */ = {isa = PBXFileReference; lastKnownFileType = sourcecode.swift; path = MachOExtractor.swift; sourceTree = "<group>"; };
		A11008 /* CSUtil.c */ = {isa = PBXFileReference; lastKnownFileType = sourcecode.c.c; path = CSUtil.c; sourceTree = "<group>"; };
		A11009 /* CSUtil.h */ = {isa = PBXFileReference; lastKnownFileType = sourcecode.c.h; path = CSUtil.h; sourceTree = "<group>"; };
		A1100A /* ABProps-Bridging-Header.h */ = {isa = PBXFileReference; lastKnownFileType = sourcecode.c.h; path = "ABProps-Bridging-Header.h"; sourceTree = "<group>"; };
		A11007 /* Info.plist */ = {isa = PBXFileReference; lastKnownFileType = text.plist.xml; path = Info.plist; sourceTree = "<group>"; };
		A1100B /* Assets.xcassets */ = {isa = PBXFileReference; lastKnownFileType = folder.assetcatalog; path = Assets.xcassets; sourceTree = "<group>"; };
		A1100C /* MobileConfig.swift */ = {isa = PBXFileReference; lastKnownFileType = sourcecode.swift; path = MobileConfig.swift; sourceTree = "<group>"; };
		A1100D /* ios-abprops-names.json */ = {isa = PBXFileReference; lastKnownFileType = text.json; path = "ios-abprops-names.json"; sourceTree = "<group>"; };
/* End PBXFileReference section */

/* Begin PBXFrameworksBuildPhase section */
		A13000 /* Frameworks */ = {
			isa = PBXFrameworksBuildPhase;
			buildActionMask = 2147483647;
			files = (
			);
			runOnlyForDeploymentPostprocessing = 0;
		};
/* End PBXFrameworksBuildPhase section */

/* Begin PBXGroup section */
		A14000 = {
			isa = PBXGroup;
			children = (
				A14001 /* ABProps */,
				A14002 /* Products */,
			);
			sourceTree = "<group>";
		};
		A14001 /* ABProps */ = {
			isa = PBXGroup;
			children = (
				A11001 /* ABPropsApp.swift */,
				A11002 /* ContentView.swift */,
				A11003 /* AppStore.swift */,
				A11004 /* Plist.swift */,
				A11005 /* PlistCodec.swift */,
				A11006 /* MachOExtractor.swift */,
				A1100C /* MobileConfig.swift */,
				A1100D /* ios-abprops-names.json */,
				A11008 /* CSUtil.c */,
				A11009 /* CSUtil.h */,
				A1100A /* ABProps-Bridging-Header.h */,
				A11007 /* Info.plist */,
				A1100B /* Assets.xcassets */,
			);
			path = ABProps;
			sourceTree = "<group>";
		};
		A14002 /* Products */ = {
			isa = PBXGroup;
			children = (
				A12000 /* ABProps.app */,
			);
			name = Products;
			sourceTree = "<group>";
		};
/* End PBXGroup section */

/* Begin PBXNativeTarget section */
		A10000000000000100000040 /* ABProps */ = {
			isa = PBXNativeTarget;
			buildConfigurationList = A16001 /* Build configuration list for PBXNativeTarget "ABProps" */;
			buildPhases = (
				A15000 /* Sources */,
				A13000 /* Frameworks */,
				A15001 /* Resources */,
			);
			buildRules = (
			);
			dependencies = (
			);
			name = ABProps;
			productName = ABProps;
			productReference = A12000 /* ABProps.app */;
			productType = "com.apple.product-type.application";
		};
/* End PBXNativeTarget section */

/* Begin PBXProject section */
		A10000000000000100000000 /* Project object */ = {
			isa = PBXProject;
			attributes = {
				BuildIndependentTargetsInParallel = 1;
				LastSwiftUpdateCheck = 2600;
				LastUpgradeCheck = 2600;
				TargetAttributes = {
					A10000000000000100000040 = {
						CreatedOnToolsVersion = 26.0;
					};
				};
			};
			buildConfigurationList = A16000 /* Build configuration list for PBXProject "ABProps" */;
			compatibilityVersion = "Xcode 15.0";
			developmentRegion = pt;
			hasScannedForEncodings = 0;
			knownRegions = (
				en,
				pt,
				Base,
			);
			mainGroup = A14000;
			productRefGroup = A14002 /* Products */;
			projectDirPath = "";
			projectRoot = "";
			targets = (
				A10000000000000100000040 /* ABProps */,
			);
		};
/* End PBXProject section */

/* Begin PBXResourcesBuildPhase section */
		A15001 /* Resources */ = {
			isa = PBXResourcesBuildPhase;
			buildActionMask = 2147483647;
			files = (
				A10008 /* Assets.xcassets in Resources */,
				A1000A /* ios-abprops-names.json in Resources */,
			);
			runOnlyForDeploymentPostprocessing = 0;
		};
/* End PBXResourcesBuildPhase section */

/* Begin PBXSourcesBuildPhase section */
		A15000 /* Sources */ = {
			isa = PBXSourcesBuildPhase;
			buildActionMask = 2147483647;
			files = (
				A10001 /* ABPropsApp.swift in Sources */,
				A10002 /* ContentView.swift in Sources */,
				A10003 /* AppStore.swift in Sources */,
				A10004 /* Plist.swift in Sources */,
				A10005 /* PlistCodec.swift in Sources */,
				A10006 /* MachOExtractor.swift in Sources */,
				A10009 /* MobileConfig.swift in Sources */,
				A10007 /* CSUtil.c in Sources */,
			);
			runOnlyForDeploymentPostprocessing = 0;
		};
/* End PBXSourcesBuildPhase section */

/* Begin XCBuildConfiguration section */
		A17000 /* Debug */ = {
			isa = XCBuildConfiguration;
			buildSettings = {
				ALWAYS_SEARCH_USER_PATHS = NO;
				CLANG_ENABLE_MODULES = YES;
				CLANG_ENABLE_OBJC_ARC = YES;
				COPY_PHASE_STRIP = NO;
				DEBUG_INFORMATION_FORMAT = dwarf;
				ENABLE_TESTABILITY = YES;
				GCC_DYNAMIC_NO_PIC = NO;
				GCC_OPTIMIZATION_LEVEL = 0;
				IPHONEOS_DEPLOYMENT_TARGET = 26.0;
				MTL_ENABLE_DEBUG_INFO = INCLUDE_SOURCE;
				ONLY_ACTIVE_ARCH = YES;
				SDKROOT = iphoneos;
				SWIFT_ACTIVE_COMPILATION_CONDITIONS = DEBUG;
				SWIFT_OPTIMIZATION_LEVEL = "-Onone";
				SWIFT_VERSION = 5.0;
			};
			name = Debug;
		};
		A17001 /* Release */ = {
			isa = XCBuildConfiguration;
			buildSettings = {
				ALWAYS_SEARCH_USER_PATHS = NO;
				CLANG_ENABLE_MODULES = YES;
				CLANG_ENABLE_OBJC_ARC = YES;
				COPY_PHASE_STRIP = NO;
				DEBUG_INFORMATION_FORMAT = "dwarf-with-dsym";
				IPHONEOS_DEPLOYMENT_TARGET = 26.0;
				MTL_ENABLE_DEBUG_INFO = NO;
				SDKROOT = iphoneos;
				SWIFT_COMPILATION_MODE = wholemodule;
				SWIFT_OPTIMIZATION_LEVEL = "-O";
				SWIFT_VERSION = 5.0;
				VALIDATE_PRODUCT = YES;
			};
			name = Release;
		};
		A17002 /* Debug */ = {
			isa = XCBuildConfiguration;
			buildSettings = {
				CODE_SIGN_STYLE = Automatic;
				CURRENT_PROJECT_VERSION = 1;
				DEVELOPMENT_TEAM = "";
				ENABLE_PREVIEWS = YES;
				ASSETCATALOG_COMPILER_APPICON_NAME = AppIcon;
				ASSETCATALOG_COMPILER_INCLUDE_ALL_APPICON_ASSETS = YES;
				INFOPLIST_FILE = ABProps/Info.plist;
				SWIFT_OBJC_BRIDGING_HEADER = "ABProps/ABProps-Bridging-Header.h";
				HEADER_SEARCH_PATHS = (
					"$(inherited)",
					"$(PROJECT_DIR)/Vendor/capstone/include",
				);
				LIBRARY_SEARCH_PATHS = (
					"$(inherited)",
					"$(PROJECT_DIR)/Vendor/capstone-build",
				);
				OTHER_LDFLAGS = (
					"$(inherited)",
					"-lcapstone",
				);
				INFOPLIST_KEY_CFBundleDisplayName = ABProps;
				INFOPLIST_KEY_LSSupportsOpeningDocumentsInPlace = YES;
				INFOPLIST_KEY_UIFileSharingEnabled = YES;
				INFOPLIST_KEY_UILaunchScreen_Generation = YES;
				LD_RUNPATH_SEARCH_PATHS = (
					"$(inherited)",
					"@executable_path/Frameworks",
				);
				MARKETING_VERSION = 1.0;
				PRODUCT_BUNDLE_IDENTIFIER = com.abprops.editor;
				PRODUCT_NAME = "$(TARGET_NAME)";
				SUPPORTED_PLATFORMS = "iphoneos iphonesimulator";
				SUPPORTS_MACCATALYST = NO;
				SWIFT_VERSION = 5.0;
				TARGETED_DEVICE_FAMILY = "1,2";
			};
			name = Debug;
		};
		A17003 /* Release */ = {
			isa = XCBuildConfiguration;
			buildSettings = {
				CODE_SIGN_STYLE = Automatic;
				CURRENT_PROJECT_VERSION = 1;
				DEVELOPMENT_TEAM = "";
				ENABLE_PREVIEWS = YES;
				ASSETCATALOG_COMPILER_APPICON_NAME = AppIcon;
				ASSETCATALOG_COMPILER_INCLUDE_ALL_APPICON_ASSETS = YES;
				INFOPLIST_FILE = ABProps/Info.plist;
				SWIFT_OBJC_BRIDGING_HEADER = "ABProps/ABProps-Bridging-Header.h";
				HEADER_SEARCH_PATHS = (
					"$(inherited)",
					"$(PROJECT_DIR)/Vendor/capstone/include",
				);
				LIBRARY_SEARCH_PATHS = (
					"$(inherited)",
					"$(PROJECT_DIR)/Vendor/capstone-build",
				);
				OTHER_LDFLAGS = (
					"$(inherited)",
					"-lcapstone",
				);
				INFOPLIST_KEY_CFBundleDisplayName = ABProps;
				INFOPLIST_KEY_LSSupportsOpeningDocumentsInPlace = YES;
				INFOPLIST_KEY_UIFileSharingEnabled = YES;
				INFOPLIST_KEY_UILaunchScreen_Generation = YES;
				LD_RUNPATH_SEARCH_PATHS = (
					"$(inherited)",
					"@executable_path/Frameworks",
				);
				MARKETING_VERSION = 1.0;
				PRODUCT_BUNDLE_IDENTIFIER = com.abprops.editor;
				PRODUCT_NAME = "$(TARGET_NAME)";
				SUPPORTED_PLATFORMS = "iphoneos iphonesimulator";
				SUPPORTS_MACCATALYST = NO;
				SWIFT_VERSION = 5.0;
				TARGETED_DEVICE_FAMILY = "1,2";
			};
			name = Release;
		};
/* End XCBuildConfiguration section */

/* Begin XCConfigurationList section */
		A16000 /* Build configuration list for PBXProject "ABProps" */ = {
			isa = XCConfigurationList;
			buildConfigurations = (
				A17000 /* Debug */,
				A17001 /* Release */,
			);
			defaultConfigurationIsVisible = 0;
			defaultConfigurationName = Release;
		};
		A16001 /* Build configuration list for PBXNativeTarget "ABProps" */ = {
			isa = XCConfigurationList;
			buildConfigurations = (
				A17002 /* Debug */,
				A17003 /* Release */,
			);
			defaultConfigurationIsVisible = 0;
			defaultConfigurationName = Release;
		};
/* End XCConfigurationList section */
	};
	rootObject = A10000000000000100000000 /* Project object */;
}
